
Microsoft Visual Studio Solution File, Format Version 12.00
# Visual Studio Version 17
VisualStudioVersion = 17.5.002.0
MinimumVisualStudioVersion = 10.0.40219.1
Project("{2150E333-8FDC-42A3-9474-1A3956D46DE8}") = "csharp-prep", "csharp-prep", "{40578509-FC08-47D6-895D-22D2929BDA5E}"
EndProject
Project("{9A19103F-16F7-4668-BE54-9A1E7A4F7556}") = "Prep1", "csharp-prep\Prep1\Prep1.csproj", "{0DDDBCBB-2416-40A7-8456-CF625F81D5A6}"
EndProject
Project("{9A19103F-16F7-4668-BE54-9A1E7A4F7556}") = "Prep2", "csharp-prep\Prep2\Prep2.csproj", "{A9B4F74F-FA9B-49E1-9716-0490FD5C8138}"
EndProject
Project("{9A19103F-16F7-4668-BE54-9A1E7A4F7556}") = "Prep3", "csharp-prep\Prep3\Prep3.csproj", "{2B864ABB-409B-4571-912D-028D1BC5D972}"
EndProject
Project("{9A19103F-16F7-4668-BE54-9A1E7A4F7556}") = "Prep4", "csharp-prep\Prep4\Prep4.csproj", "{B740169D-C333-440A-A860-ED02E6E87474}"
EndProject
Project("{9A19103F-16F7-4668-BE54-9A1E7A4F7556}") = "Prep5", "csharp-prep\Prep5\Prep5.csproj", "{15F588D4-8631-4EE8-8B53-2F8AE0752D78}"
EndProject
Project("{2150E333-8FDC-42A3-9474-1A3956D46DE8}") = "final", "final", "{F1FDABE9-8FC2-4F9D-8388-411CACD9110E}"
EndProject
Project("{9A19103F-16F7-4668-BE54-9A1E7A4F7556}") = "FinalProject", "final\FinalProject\FinalProject.csproj", "{2A58523E-BBCD-4667-8922-1DB73B422AEE}"
EndProject
Project("{9A19103F-16F7-4668-BE54-9A1E7A4F7556}") = "Foundation1", "final\Foundation1\Foundation1.csproj", "{CAB7B89B-A79C-4D8F-A2A1-17DCD122BEA9}"
EndProject
Project("{9A19103F-16F7-4668-BE54-9A1E7A4F7556}") = "Foundation2", "final\Foundation2\Foundation2.csproj", "{CCCCE166-851B-43D7-B3D1-320EAFF224A2}"
EndProject
Project("{9A19103F-16F7-4668-BE54-9A1E7A4F7556}") = "Foundation3", "final\Foundation3\Foundation3.csproj", "{2952532E-BCA1-41CF-902B-C9A941F11E7A}"
EndProject
Project("{9A19103F-16F7-4668-BE54-9A1E7A4F7556}") = "Foundation4", "final\Foundation4\Foundation4.csproj", "{E718647F-5510-49C1-B2C5-B8039E21132B}"
EndProject
Project("{2150E333-8FDC-42A3-9474-1A3956D46DE8}") = "prepare", "prepare", "{A1D1DD6F-F579-43C9-8CBA-C597610380AE}"
EndProject
Project("{9A19103F-16F7-4668-BE54-9A1E7A4F7556}") = "Learning02", "prepare\Learning02\Learning02.csproj", "{7B7BFCF2-1FAD-46E4-88E8-096FC29600D1}"
EndProject
Project("{9A19103F-16F7-4668-BE54-9A1E7A4F7556}") = "Learning03", "prepare\Learning03\Learning03.csproj", "{DBBDFCAC-187D-4382-A4C0-4A0F673CD80C}"
EndProject
Project("{9A19103F-16F7-4668-BE54-9A1E7A4F7556}") = "Learning04", "prepare\Learning04\Learning04.csproj", "{ABC8735C-2A8E-4D3E-BF7E-AEB82AA96C89}"
EndProject
Project("{9A19103F-16F7-4668-BE54-9A1E7A4F7556}") = "Learning05", "prepare\Learning05\Learning05.csproj", "{638CC4EB-0B95-4F3A-9410-3EF53B73613A}"
EndProject
Project("{2150E333-8FDC-42A3-9474-1A3956D46DE8}") = "prove", "prove", "{885B9C1D-204F-4F6D-89A1-D5B2827E2E1F}"
EndProject
Project("{9A19103F-16F7-4668-BE54-9A1E7A4F7556}") = "Develop02", "prove\Develop02\Develop02.csproj", "{10566B02-EB1A-440A-9BF6-CFA3CFACE06A}"
EndProject
Project("{9A19103F-16F7-4668-BE54-9A1E7A4F7556}") = "Develop03", "prove\Develop03\Develop03.csproj", "{90F3502B-D435-43C5-94E9-2E3D0C07F032}"
EndProject
Project("{9A19103F-16F7-4668-BE54-9A1E7A4F7556}") = "Develop04", "prove\Develop04\Develop04.csproj", "{D59A33A7-F602-4585-8E76-F2053BB34919}"
EndProject
Project("{9A19103F-16F7-4668-BE54-9A1E7A4F7556}") = "Develop05", "prove\Develop05\Develop05.csproj", "{420661EB-A5C2-4428-B7A4-EA50A9D72809}"
EndProject
Project("{2150E333-8FDC-42A3-9474-1A3956D46DE8}") = "sandbox", "sandbox", "{17AE1D67-C431-49FC-8BAB-7CAAC1A1433E}"
EndProject
Project("{9A19103F-16F7-4668-BE54-9A1E7A4F7556}") = "Sandbox", "sandbox\Sandbox\Sandbox.csproj", "{A8003715-CB08-41C4-8C7B-E029A51E62BE}"
EndProject
Global
	GlobalSection(SolutionConfigurationPlatforms) = preSolution
		Debug|Any CPU = Debug|Any CPU
		Release|Any CPU = Release|Any CPU
	EndGlobalSection
	GlobalSection(ProjectConfigurationPlatforms) = postSolution
		{0DDDBCBB-2416-40A7-8456-CF625F81D5A6}.Debug|Any CPU.ActiveCfg = Debug|Any CPU
		{0DDDBCBB-2416-40A7-8456-CF625F81D5A6}.Debug|Any CPU.Build.0 = Debug|Any CPU
		{0DDDBCBB-2416-40A7-8456-CF625F81D5A6}.Release|Any CPU.ActiveCfg = Release|Any CPU
		{0DDDBCBB-2416-40A7-8456-CF625F81D5A6}.Release|Any CPU.Build.0 = Release|Any CPU
		{A9B4F74F-FA9B-49E1-9716-0490FD5C8138}.Debug|Any CPU.ActiveCfg = Debug|Any CPU
		{A9B4F74F-FA9B-49E1-9716-0490FD5C8138}.Debug|Any CPU.Build.0 = Debug|Any CPU
		{A9B4F74F-FA9B-49E1-9716-0490FD5C8138}.Release|Any CPU.ActiveCfg = Release|Any CPU
		{A9B4F74F-FA9B-49E1-9716-0490FD5C8138}.Release|Any CPU.Build.0 = Release|Any CPU
		{2B864ABB-409B-4571-912D-028D1BC5D972}.Debug|Any CPU.ActiveCfg = Debug|Any CPU
		{2B864ABB-409B-4571-912D-028D1BC5D972}.Debug|Any CPU.Build.0 = Debug|Any CPU
		{2B864ABB-409B-4571-912D-028D1BC5D972}.Release|Any CPU.ActiveCfg = Release|Any CPU
		{2B864ABB-409B-4571-912D-028D1BC5D972}.Release|Any CPU.Build.0 = Release|Any CPU
		{B740169D-C333-440A-A860-ED02E6E87474}.Debug|Any CPU.ActiveCfg = Debug|Any CPU
		{B740169D-C333-440A-A860-ED02E6E87474}.Debug|Any CPU.Build.0 = Debug|Any CPU
		{B740169D-C333-440A-A860-ED02E6E87474}.Release|Any CPU.ActiveCfg = Release|Any CPU
		{B740169D-C333-440A-A860-ED02E6E87474}.Release|Any CPU.Build.0 = Release|Any CPU
		{15F588D4-8631-4EE8-8B53-2F8AE0752D78}.Debug|Any CPU.ActiveCfg = Debug|Any CPU
		{15F588D4-8631-4EE8-8B53-2F8AE0752D78}.Debug|Any CPU.Build.0 = Debug|Any CPU
		{15F588D4-8631-4EE8-8B53-2F8AE0752D78}.Release|Any CPU.ActiveCfg = Release|Any CPU
		{15F588D4-8631-4EE8-8B53-2F8AE0752D78}.Release|Any CPU.Build.0 = Release|Any CPU
		{2A58523E-BBCD-4667-8922-1DB73B422AEE}.Debug|Any CPU.ActiveCfg = Debug|Any CPU
		{2A58523E-BBCD-4667-8922-1DB73B422AEE}.Debug|Any CPU.Build.0 = Debug|Any CPU
		{2A58523E-BBCD-4667-8922-1DB73B422AEE}.Release|Any CPU.ActiveCfg = Release|Any CPU
		{2A58523E-BBCD-4667-8922-1DB73B422AEE}.Release|Any CPU.Build.0 = Release|Any CPU
		{CAB7B89B-A79C-4D8F-A2A1-17DCD122BEA9}.Debug|Any CPU.ActiveCfg = Debug|Any CPU
		{CAB7B89B-A79C-4D8F-A2A1-17DCD122BEA9}.Debug|Any CPU.Build.0 = Debug|Any CPU
		{CAB7B89B-A79C-4D8F-A2A1-17DCD122BEA9}.Release|Any CPU.ActiveCfg = Release|Any CPU
		{CAB7B89B-A79C-4D8F-A2A1-17DCD122BEA9}.Release|Any CPU.Build.0 = Release|Any CPU
		{CCCCE166-851B-43D7-B3D1-320EAFF224A2}.Debug|Any CPU.ActiveCfg = Debug|Any CPU
		{CCCCE166-851B-43D7-B3D1-320EAFF224A2}.Debug|Any CPU.Build.0 = Debug|Any CPU
		{CCCCE166-851B-43D7-B3D1-320EAFF224A2}.Release|Any CPU.ActiveCfg = Release|Any CPU
		{CCCCE166-851B-43D7-B3D1-320EAFF224A2}.Release|Any CPU.Build.0 = Release|Any CPU
		{2952532E-BCA1-41CF-902B-C9A941F11E7A}.Debug|Any CPU.ActiveCfg = Debug|Any CPU
		{2952532E-BCA1-41CF-902B-C9A941F11E7A}.Debug|Any CPU.Build.0 = Debug|Any CPU
		{2952532E-BCA1-41CF-902B-C9A941F11E7A}.Release|Any CPU.ActiveCfg = Release|Any CPU
		{2952532E-BCA1-41CF-902B-C9A941F11E7A}.Release|Any CPU.Build.0 = Release|Any CPU
		{E718647F-5510-49C1-B2C5-B8039E21132B}.Debug|Any CPU.ActiveCfg = Debug|Any CPU
		{E718647F-5510-49C1-B2C5-B8039E21132B}.Debug|Any CPU.Build.0 = Debug|Any CPU
		{E718647F-5510-49C1-B2C5-B8039E21132B}.Release|Any CPU.ActiveCfg = Release|Any CPU
		{E718647F-5510-49C1-B2C5-B8039E21132B}.Release|Any CPU.Build.0 = Release|Any CPU
		{7B7BFCF2-1FAD-46E4-88E8-096FC29600D1}.Debug|Any CPU.ActiveCfg = Debug|Any CPU
		{7B7BFCF2-1FAD-46E4-88E8-096FC29600D1}.Debug|Any CPU.Build.0 = Debug|Any CPU
		{7B7BFCF2-1FAD-46E4-88E8-096FC29600D1}.Release|Any CPU.ActiveCfg = Release|Any CPU
		{7B7BFCF2-1FAD-46E4-88E8-096FC29600D1}.Release|Any CPU.Build.0 = Release|Any CPU
		{DBBDFCAC-187D-4382-A4C0-4A0F673CD80C}.Debug|Any CPU.ActiveCfg = Debug|Any CPU
		{DBBDFCAC-187D-4382-A4C0-4A0F673CD80C}.Debug|Any CPU.Build.0 = Debug|Any CPU
		{DBBDFCAC-187D-4382-A4C0-4A0F673CD80C}.Release|Any CPU.ActiveCfg = Release|Any CPU
		{DBBDFCAC-187D-4382-A4C0-4A0F673CD80C}.Release|Any CPU.Build.0 = Release|Any CPU
		{ABC8735C-2A8E-4D3E-BF7E-AEB82AA96C89}.Debug|Any CPU.ActiveCfg = Debug|Any CPU
		{ABC8735C-2A8E-4D3E-BF7E-AEB82AA96C89}.Debug|Any CPU.Build.0 = Debug|Any CPU
		{ABC8735C-2A8E-4D3E-BF7E-AEB82AA96C89}.Release|Any CPU.ActiveCfg = Release|Any CPU
		{ABC8735C-2A8E-4D3E-BF7E-AEB82AA96C89}.Release|Any CPU.Build.0 = Release|Any CPU
		{638CC4EB-0B95-4F3A-9410-3EF53B73613A}.Debug|Any CPU.ActiveCfg = Debug|Any CPU
		{638CC4EB-0B95-4F3A-9410-3EF53B73613A}.Debug|Any CPU.Build.0 = Debug|Any CPU
		{638CC4EB-0B95-4F3A-9410-3EF53B73613A}.Release|Any CPU.ActiveCfg = Release|Any CPU
		{638CC4EB-0B95-4F3A-9410-3EF53B73613A}.Release|Any CPU.Build.0 = Release|Any CPU
		{10566B02-EB1A-440A-9BF6-CFA3CFACE06A}.Debug|Any CPU.ActiveCfg = Debug|Any CPU
		{10566B02-EB1A-440A-9BF6-CFA3CFACE06A}.Debug|Any CPU.Build.0 = Debug|Any CPU
		{10566B02-EB1A-440A-9BF6-CFA3CFACE06A}.Release|Any CPU.ActiveCfg = Release|Any CPU
		{10566B02-EB1A-440A-9BF6-CFA3CFACE06A}.Release|Any CPU.Build.0 = Release|Any CPU
		{90F3502B-D435-43C5-94E9-2E3D0C07F032}.Debug|Any CPU.ActiveCfg = Debug|Any CPU
		{90F3502B-D435-43C5-94E9-2E3D0C07F032}.Debug|Any CPU.Build.0 = Debug|Any CPU
		{90F3502B-D435-43C5-94E9-2E3D0C07F032}.Release|Any CPU.ActiveCfg = Release|Any CPU
		{90F3502B-D435-43C5-94E9-2E3D0C07F032}.Release|Any CPU.Build.0 = Release|Any CPU
		{D59A33A7-F602-4585-8E76-F2053BB34919}.Debug|Any CPU.ActiveCfg = Debug|Any CPU
		{D59A33A7-F602-4585-8E76-F2053BB34919}.Debug|Any CPU.Build.0 = Debug|Any CPU
		{D59A33A7-F602-4585-8E76-F2053BB34919}.Release|Any CPU.ActiveCfg = Release|Any CPU
		{D59A33A7-F602-4585-8E76-F2053BB34919}.Release|Any CPU.Build.0 = Release|Any CPU
		{420661EB-A5C2-4428-B7A4-EA50A9D72809}.Debug|Any CPU.ActiveCfg = Debug|Any CPU
		{420661EB-A5C2-4428-B7A4-EA50A9D72809}.Debug|Any CPU.Build.0 = Debug|Any CPU
		{420661EB-A5C2-4428-B7A4-EA50A9D72809}.Release|Any CPU.ActiveCfg = Release|Any CPU
		{420661EB-A5C2-4428-B7A4-EA50A9D72809}.Release|Any CPU.Build.0 = Release|Any CPU
		{A8003715-CB08-41C4-8C7B-E029A51E62BE}.Debug|Any CPU.ActiveCfg = Debug|Any CPU
		{A8003715-CB08-41C4-8C7B-E029A51E62BE}.Debug|Any CPU.Build.0 = Debug|Any CPU
		{A8003715-CB08-41C4-8C7B-E029A51E62BE}.Release|Any CPU.ActiveCfg = Release|Any CPU
		{A8003715-CB08-41C4-8C7B-E029A51E62BE}.Release|Any CPU.Build.0 = Release|Any CPU
	EndGlobalSection
	GlobalSection(SolutionProperties) = preSolution
		HideSolutionNode = FALSE
	EndGlobalSection
	GlobalSection(NestedProjects) = preSolution
		{0DDDBCBB-2416-40A7-8456-CF625F81D5A6} = {40578509-FC08-47D6-895D-22D2929BDA5E}
		{A9B4F74F-FA9B-49E1-9716-0490FD5C8138} = {40578509-FC08-47D6-895D-22D2929BDA5E}
		{2B864ABB-409B-4571-912D-028D1BC5D972} = {40578509-FC08-47D6-895D-22D2929BDA5E}
		{B740169D-C333-440A-A860-ED02E6E87474} = {40578509-FC08-47D6-895D-22D2929BDA5E}
		{15F588D4-8631-4EE8-8B53-2F8AE0752D78} = {40578509-FC08-47D6-895D-22D2929BDA5E}
		{2A58523E-BBCD-4667-8922-1DB73B422AEE} = {F1FDABE9-8FC2-4F9D-8388-411CACD9110E}
		{CAB7B89B-A79C-4D8F-A2A1-17DCD122BEA9} = {F1FDABE9-8FC2-4F9D-8388-411CACD9110E}
		{CCCCE166-851B-43D7-B3D1-320EAFF224A2} = {F1FDABE9-8FC2-4F9D-8388-411CACD9110E}
		{2952532E-BCA1-41CF-902B-C9A941F11E7A} = {F1FDABE9-8FC2-4F9D-8388-411CACD9110E}
		{E718647F-5510-49C1-B2C5-B8039E21132B} = {F1FDABE9-8FC2-4F9D-8388-411CACD9110E}
		{7B7BFCF2-1FAD-46E4-88E8-096FC29600D1} = {A1D1DD6F-F579-43C9-8CBA-C597610380AE}
		{DBBDFCAC-187D-4382-A4C0-4A0F673CD80C} = {A1D1DD6F-F579-43C9-8CBA-C597610380AE}
		{ABC8735C-2A8E-4D3E-BF7E-AEB82AA96C89} = {A1D1DD6F-F579-43C9-8CBA-C597610380AE}
		{638CC4EB-0B95-4F3A-9410-3EF53B73613A} = {A1D1DD6F-F579-43C9-8CBA-C597610380AE}
		{10566B02-EB1A-440A-9BF6-CFA3CFACE06A} = {885B9C1D-204F-4F6D-89A1-D5B2827E2E1F}
		{90F3502B-D435-43C5-94E9-2E3D0C07F032} = {885B9C1D-204F-4F6D-89A1-D5B2827E2E1F}
		{D59A33A7-F602-4585-8E76-F2053BB34919} = {885B9C1D-204F-4F6D-89A1-D5B2827E2E1F}
		{420661EB-A5C2-4428-B7A4-EA50A9D72809} = {885B9C1D-204F-4F6D-89A1-D5B2827E2E1F}
		{A8003715-CB08-41C4-8C7B-E029A51E62BE} = {17AE1D67-C431-49FC-8BAB-7CAAC1A1433E}
	EndGlobalSection
	GlobalSection(ExtensibilityGlobals) = postSolution
		SolutionGuid = {14F7096F-0E85-4224-8B4B-1234B64372F6}
	EndGlobalSection
EndGlobal
